
Microsoft Visual Studio Solution File, Format Version 12.00
# Visual Studio Version 17
VisualStudioVersion = 17.11.35431.28
MinimumVisualStudioVersion = 10.0.40219.1
Project("{FAE04EC0-301F-11D3-BF4B-00C04F79EFBC}") = "Task 6", "Task 6.csproj", "{CAA6A25E-96D9-4A7A-AF48-C9E8ED498761}"
EndProject
Global
	GlobalSection(SolutionConfigurationPlatforms) = preSolution
		Debug|Any CPU = Debug|Any CPU
		Release|Any CPU = Release|Any CPU
	EndGlobalSection
	GlobalSection(ProjectConfigurationPlatforms) = postSolution
		{CAA6A25E-96D9-4A7A-AF48-C9E8ED498761}.Debug|Any CPU.ActiveCfg = Debug|Any CPU
		{CAA6A25E-96D9-4A7A-AF48-C9E8ED498761}.Debug|Any CPU.Build.0 = Debug|Any CPU
		{CAA6A25E-96D9-4A7A-AF48-C9E8ED498761}.Release|Any CPU.ActiveCfg = Release|Any CPU
		{CAA6A25E-96D9-4A7A-AF48-C9E8ED498761}.Release|Any CPU.Build.0 = Release|Any CPU
	EndGlobalSection
	GlobalSection(SolutionProperties) = preSolution
		HideSolutionNode = FALSE
	EndGlobalSection
	GlobalSection(ExtensibilityGlobals) = postSolution
		SolutionGuid = {D090387C-CDAD-4F7C-8DB6-62042A69D9D0}
	EndGlobalSection
EndGlobal
